
Microsoft Visual Studio Solution File, Format Version 12.00
# Visual Studio Version 17
VisualStudioVersion = 17.6.33815.320
MinimumVisualStudioVersion = 10.0.40219.1
Project("{FAE04EC0-301F-11D3-BF4B-00C04F79EFBC}") = "NumberSmash", "NumberSmash.csproj", "{2117BC60-D11C-4A42-B7C3-08913DAC39DE}"
EndProject
Global
	GlobalSection(SolutionConfigurationPlatforms) = preSolution
		Debug|Any CPU = Debug|Any CPU
		Release|Any CPU = Release|Any CPU
		Without BSoD Release|Any CPU = Without BSoD Release|Any CPU
	EndGlobalSection
	GlobalSection(ProjectConfigurationPlatforms) = postSolution
		{2117BC60-D11C-4A42-B7C3-08913DAC39DE}.Debug|Any CPU.ActiveCfg = Debug|Any CPU
		{2117BC60-D11C-4A42-B7C3-08913DAC39DE}.Debug|Any CPU.Build.0 = Debug|Any CPU
		{2117BC60-D11C-4A42-B7C3-08913DAC39DE}.Release|Any CPU.ActiveCfg = Release|Any CPU
		{2117BC60-D11C-4A42-B7C3-08913DAC39DE}.Release|Any CPU.Build.0 = Release|Any CPU
		{2117BC60-D11C-4A42-B7C3-08913DAC39DE}.Without BSoD Release|Any CPU.ActiveCfg = Without BSoD Release|Any CPU
		{2117BC60-D11C-4A42-B7C3-08913DAC39DE}.Without BSoD Release|Any CPU.Build.0 = Without BSoD Release|Any CPU
	EndGlobalSection
	GlobalSection(SolutionProperties) = preSolution
		HideSolutionNode = FALSE
	EndGlobalSection
	GlobalSection(ExtensibilityGlobals) = postSolution
		SolutionGuid = {9F38B088-9B5C-4F05-A4F0-95300FCAA0D0}
	EndGlobalSection
EndGlobal
